// !$*UTF8*$!
{
	archiveVersion = 1;
	classes = {
	};
	objectVersion = 77;
	objects = {

/* Begin PBXBuildFile section */
		293C1E388C1A2543A9D0ADC2 /* Foundation.framework in Frameworks */ = {isa = PBXBuildFile; fileRef = D0BCFAD5620138EFA3C3DD43 /* Foundation.framework */; };
		4B9BEC6E86E3038255B3C542 /* WiggleRoomWatch.app in Embed Watch Content */ = {isa = PBXBuildFile; fileRef = AC013DBE5CBD724972D4B331 /* WiggleRoomWatch.app */; platformFilter = ios; settings = {ATTRIBUTES = (RemoveHeadersOnCopy, ); }; };
		9391A7D9A0377A729C701CD2 /* Foundation.framework in Frameworks */ = {isa = PBXBuildFile; fileRef = 1DA585E7618392675CF6D760 /* Foundation.framework */; };
		951FF7F25912393137B09B3B /* WiggleRoomWidgets.appex in Embed Foundation Extensions */ = {isa = PBXBuildFile; fileRef = 0390A05B6F76AA646812AE87 /* WiggleRoomWidgets.appex */; settings = {ATTRIBUTES = (RemoveHeadersOnCopy, ); }; };
		B0717E4E6DB83B9414CEB48C /* WiggleRoomComplication.appex in Embed Foundation Extensions */ = {isa = PBXBuildFile; fileRef = B726BF89F335C151F2E1C3C6 /* WiggleRoomComplication.appex */; settings = {ATTRIBUTES = (RemoveHeadersOnCopy, ); }; };
		EFA569431AE7EDCF66301601 /* Foundation.framework in Frameworks */ = {isa = PBXBuildFile; fileRef = 1DA585E7618392675CF6D760 /* Foundation.framework */; };
/* End PBXBuildFile section */

/* Begin PBXContainerItemProxy section */
		16EA2CCD38AF73BE8ECF4FCE /* PBXContainerItemProxy */ = {
			isa = PBXContainerItemProxy;
			containerPortal = EF63B10E3056875D0092FD24 /* Project object */;
			proxyType = 1;
			remoteGlobalIDString = D043F7DAC98E201E0E0A7621;
			remoteInfo = WiggleRoomComplication;
		};
		5B6172D4BC984B4F7D80D757 /* PBXContainerItemProxy */ = {
			isa = PBXContainerItemProxy;
			containerPortal = EF63B10E3056875D0092FD24 /* Project object */;
			proxyType = 1;
			remoteGlobalIDString = 2E72304D8C979446738D729C;
			remoteInfo = WiggleRoomWatch;
		};
		DE91F17B1E6F689A2D0537C4 /* PBXContainerItemProxy */ = {
			isa = PBXContainerItemProxy;
			containerPortal = EF63B10E3056875D0092FD24 /* Project object */;
			proxyType = 1;
			remoteGlobalIDString = 0320B8BADB9D2DE52BE08FB8;
			remoteInfo = WiggleRoomWidgets;
		};
		EF63B1243056875F0092FD24 /* PBXContainerItemProxy */ = {
			isa = PBXContainerItemProxy;
			containerPortal = EF63B10E3056875D0092FD24 /* Project object */;
			proxyType = 1;
			remoteGlobalIDString = EF63B1153056875D0092FD24;
			remoteInfo = WiggleRoom;
		};
		EF63B12E3056875F0092FD24 /* PBXContainerItemProxy */ = {
			isa = PBXContainerItemProxy;
			containerPortal = EF63B10E3056875D0092FD24 /* Project object */;
			proxyType = 1;
			remoteGlobalIDString = EF63B1153056875D0092FD24;
			remoteInfo = WiggleRoom;
		};
/* End PBXContainerItemProxy section */

/* Begin PBXCopyFilesBuildPhase section */
		55273DB0609129562CC867EA /* Embed Foundation Extensions */ = {
			isa = PBXCopyFilesBuildPhase;
			buildActionMask = 2147483647;
			dstPath = "";
			dstSubfolderSpec = 13;
			files = (
				951FF7F25912393137B09B3B /* WiggleRoomWidgets.appex in Embed Foundation Extensions */,
			);
			name = "Embed Foundation Extensions";
			runOnlyForDeploymentPostprocessing = 0;
		};
		5A87B6A9F195D51A9434406D /* Embed Watch Content */ = {
			isa = PBXCopyFilesBuildPhase;
			buildActionMask = 2147483647;
			dstPath = "$(CONTENTS_FOLDER_PATH)/Watch";
			dstSubfolderSpec = 16;
			files = (
				4B9BEC6E86E3038255B3C542 /* WiggleRoomWatch.app in Embed Watch Content */,
			);
			name = "Embed Watch Content";
			runOnlyForDeploymentPostprocessing = 0;
		};
		D5DC156618626F3628EEF6F1 /* Embed Foundation Extensions */ = {
			isa = PBXCopyFilesBuildPhase;
			buildActionMask = 2147483647;
			dstPath = "";
			dstSubfolderSpec = 13;
			files = (
				B0717E4E6DB83B9414CEB48C /* WiggleRoomComplication.appex in Embed Foundation Extensions */,
			);
			name = "Embed Foundation Extensions";
			runOnlyForDeploymentPostprocessing = 0;
		};
/* End PBXCopyFilesBuildPhase section */

/* Begin PBXFileReference section */
		0390A05B6F76AA646812AE87 /* WiggleRoomWidgets.appex */ = {isa = PBXFileReference; explicitFileType = "wrapper.app-extension"; includeInIndex = 0; path = WiggleRoomWidgets.appex; sourceTree = BUILT_PRODUCTS_DIR; };
		1DA585E7618392675CF6D760 /* Foundation.framework */ = {isa = PBXFileReference; lastKnownFileType = wrapper.framework; name = Foundation.framework; path = Platforms/WatchOS.platform/Developer/SDKs/WatchOS26.0.sdk/System/Library/Frameworks/Foundation.framework; sourceTree = DEVELOPER_DIR; };
		AC013DBE5CBD724972D4B331 /* WiggleRoomWatch.app */ = {isa = PBXFileReference; explicitFileType = wrapper.application; includeInIndex = 0; path = WiggleRoomWatch.app; sourceTree = BUILT_PRODUCTS_DIR; };
		B726BF89F335C151F2E1C3C6 /* WiggleRoomComplication.appex */ = {isa = PBXFileReference; explicitFileType = "wrapper.app-extension"; includeInIndex = 0; path = WiggleRoomComplication.appex; sourceTree = BUILT_PRODUCTS_DIR; };
		D0BCFAD5620138EFA3C3DD43 /* Foundation.framework */ = {isa = PBXFileReference; lastKnownFileType = wrapper.framework; name = Foundation.framework; path = Platforms/iPhoneOS.platform/Developer/SDKs/iPhoneOS26.0.sdk/System/Library/Frameworks/Foundation.framework; sourceTree = DEVELOPER_DIR; };
		EF63B1163056875D0092FD24 /* WiggleRoom.app */ = {isa = PBXFileReference; explicitFileType = wrapper.application; includeInIndex = 0; path = WiggleRoom.app; sourceTree = BUILT_PRODUCTS_DIR; };
		EF63B1233056875F0092FD24 /* WiggleRoomTests.xctest */ = {isa = PBXFileReference; explicitFileType = wrapper.cfbundle; includeInIndex = 0; path = WiggleRoomTests.xctest; sourceTree = BUILT_PRODUCTS_DIR; };
		EF63B12D3056875F0092FD24 /* WiggleRoomUITests.xctest */ = {isa = PBXFileReference; explicitFileType = wrapper.cfbundle; includeInIndex = 0; path = WiggleRoomUITests.xctest; sourceTree = BUILT_PRODUCTS_DIR; };
/* End PBXFileReference section */

/* Begin PBXFileSystemSynchronizedBuildFileExceptionSet section */
		23BD0448A404474AB38677E5 /* Exceptions for "WiggleRoomComplication" folder in "WiggleRoomComplication" target */ = {
			isa = PBXFileSystemSynchronizedBuildFileExceptionSet;
			membershipExceptions = (
				Info.plist,
			);
			target = D043F7DAC98E201E0E0A7621 /* WiggleRoomComplication */;
		};
		EECA2B78D83627749202006F /* Exceptions for "WiggleRoomWidgets" folder in "WiggleRoomWidgets" target */ = {
			isa = PBXFileSystemSynchronizedBuildFileExceptionSet;
			membershipExceptions = (
				Info.plist,
			);
			target = 0320B8BADB9D2DE52BE08FB8 /* WiggleRoomWidgets */;
		};
		EF0594DB7A547E7B042ADE61 /* Exceptions for "WiggleRoomWatch" folder in "WiggleRoomWatch" target */ = {
			isa = PBXFileSystemSynchronizedBuildFileExceptionSet;
			membershipExceptions = (
				Info.plist,
			);
			target = 2E72304D8C979446738D729C /* WiggleRoomWatch */;
		};
		EF9703A8305855EA007A44AB /* Exceptions for "WiggleRoom" folder in "WiggleRoom" target */ = {
			isa = PBXFileSystemSynchronizedBuildFileExceptionSet;
			membershipExceptions = (
				Info.plist,
			);
			target = EF63B1153056875D0092FD24 /* WiggleRoom */;
		};
/* End PBXFileSystemSynchronizedBuildFileExceptionSet section */

/* Begin PBXFileSystemSynchronizedRootGroup section */
		0015F3C35750D23194AC79DD /* WiggleRoomComplication */ = {
			isa = PBXFileSystemSynchronizedRootGroup;
			exceptions = (
				23BD0448A404474AB38677E5 /* Exceptions for "WiggleRoomComplication" folder in "WiggleRoomComplication" target */,
			);
			path = WiggleRoomComplication;
			sourceTree = "<group>";
		};
		0028FDCFB48782B4201280F1 /* WiggleRoomShared */ = {
			isa = PBXFileSystemSynchronizedRootGroup;
			path = WiggleRoomShared;
			sourceTree = "<group>";
		};
		2C11B2FC0E9DCE55D7D7F125 /* WiggleRoomWidgets */ = {
			isa = PBXFileSystemSynchronizedRootGroup;
			exceptions = (
				EECA2B78D83627749202006F /* Exceptions for "WiggleRoomWidgets" folder in "WiggleRoomWidgets" target */,
			);
			path = WiggleRoomWidgets;
			sourceTree = "<group>";
		};
		469C2E2453225A08530C046C /* WiggleRoomWatch */ = {
			isa = PBXFileSystemSynchronizedRootGroup;
			exceptions = (
				EF0594DB7A547E7B042ADE61 /* Exceptions for "WiggleRoomWatch" folder in "WiggleRoomWatch" target */,
			);
			path = WiggleRoomWatch;
			sourceTree = "<group>";
		};
		EF63B1183056875D0092FD24 /* WiggleRoom */ = {
			isa = PBXFileSystemSynchronizedRootGroup;
			exceptions = (
				EF9703A8305855EA007A44AB /* Exceptions for "WiggleRoom" folder in "WiggleRoom" target */,
			);
			path = WiggleRoom;
			sourceTree = "<group>";
		};
		EF63B1263056875F0092FD24 /* WiggleRoomTests */ = {
			isa = PBXFileSystemSynchronizedRootGroup;
			path = WiggleRoomTests;
			sourceTree = "<group>";
		};
		EF63B1303056875F0092FD24 /* WiggleRoomUITests */ = {
			isa = PBXFileSystemSynchronizedRootGroup;
			path = WiggleRoomUITests;
			sourceTree = "<group>";
		};
/* End PBXFileSystemSynchronizedRootGroup section */

/* Begin PBXFrameworksBuildPhase section */
		489892905DF9D552F285EA27 /* Frameworks */ = {
			isa = PBXFrameworksBuildPhase;
			buildActionMask = 2147483647;
			files = (
				293C1E388C1A2543A9D0ADC2 /* Foundation.framework in Frameworks */,
			);
			runOnlyForDeploymentPostprocessing = 0;
		};
		81362274EEBF805DB6A3B105 /* Frameworks */ = {
			isa = PBXFrameworksBuildPhase;
			buildActionMask = 2147483647;
			files = (
				EFA569431AE7EDCF66301601 /* Foundation.framework in Frameworks */,
			);
			runOnlyForDeploymentPostprocessing = 0;
		};
		EAE042A4F5C275A25D88A425 /* Frameworks */ = {
			isa = PBXFrameworksBuildPhase;
			buildActionMask = 2147483647;
			files = (
				9391A7D9A0377A729C701CD2 /* Foundation.framework in Frameworks */,
			);
			runOnlyForDeploymentPostprocessing = 0;
		};
		EF63B1133056875D0092FD24 /* Frameworks */ = {
			isa = PBXFrameworksBuildPhase;
			buildActionMask = 2147483647;
			files = (
			);
			runOnlyForDeploymentPostprocessing = 0;
		};
		EF63B1203056875F0092FD24 /* Frameworks */ = {
			isa = PBXFrameworksBuildPhase;
			buildActionMask = 2147483647;
			files = (
			);
			runOnlyForDeploymentPostprocessing = 0;
		};
		EF63B12A3056875F0092FD24 /* Frameworks */ = {
			isa = PBXFrameworksBuildPhase;
			buildActionMask = 2147483647;
			files = (
			);
			runOnlyForDeploymentPostprocessing = 0;
		};
/* End PBXFrameworksBuildPhase section */

/* Begin PBXGroup section */
		1F07D5D8B9C96ACA8A2298B4 /* iOS */ = {
			isa = PBXGroup;
			children = (
				D0BCFAD5620138EFA3C3DD43 /* Foundation.framework */,
			);
			name = iOS;
			sourceTree = "<group>";
		};
		9AEF08499F01BBBF7C4DDE76 /* watchOS */ = {
			isa = PBXGroup;
			children = (
				1DA585E7618392675CF6D760 /* Foundation.framework */,
			);
			name = watchOS;
			sourceTree = "<group>";
		};
		EF63B10D3056875D0092FD24 = {
			isa = PBXGroup;
			children = (
				EF63B1183056875D0092FD24 /* WiggleRoom */,
				EF63B1263056875F0092FD24 /* WiggleRoomTests */,
				EF63B1303056875F0092FD24 /* WiggleRoomUITests */,
				EF63B1173056875D0092FD24 /* Products */,
				0028FDCFB48782B4201280F1 /* WiggleRoomShared */,
				2C11B2FC0E9DCE55D7D7F125 /* WiggleRoomWidgets */,
				EFF366F10D5F57DCF7C2B819 /* Frameworks */,
				469C2E2453225A08530C046C /* WiggleRoomWatch */,
				0015F3C35750D23194AC79DD /* WiggleRoomComplication */,
			);
			sourceTree = "<group>";
		};
		EF63B1173056875D0092FD24 /* Products */ = {
			isa = PBXGroup;
			children = (
				EF63B1163056875D0092FD24 /* WiggleRoom.app */,
				EF63B1233056875F0092FD24 /* WiggleRoomTests.xctest */,
				EF63B12D3056875F0092FD24 /* WiggleRoomUITests.xctest */,
				0390A05B6F76AA646812AE87 /* WiggleRoomWidgets.appex */,
				AC013DBE5CBD724972D4B331 /* WiggleRoomWatch.app */,
				B726BF89F335C151F2E1C3C6 /* WiggleRoomComplication.appex */,
			);
			name = Products;
			sourceTree = "<group>";
		};
		EFF366F10D5F57DCF7C2B819 /* Frameworks */ = {
			isa = PBXGroup;
			children = (
				1F07D5D8B9C96ACA8A2298B4 /* iOS */,
				9AEF08499F01BBBF7C4DDE76 /* watchOS */,
			);
			name = Frameworks;
			sourceTree = "<group>";
		};
/* End PBXGroup section */

/* Begin PBXNativeTarget section */
		0320B8BADB9D2DE52BE08FB8 /* WiggleRoomWidgets */ = {
			isa = PBXNativeTarget;
			buildConfigurationList = A4FE6C6967F5972E75AE1075 /* Build configuration list for PBXNativeTarget "WiggleRoomWidgets" */;
			buildPhases = (
				49E5668BF14094AB39EA214A /* Sources */,
				489892905DF9D552F285EA27 /* Frameworks */,
				04ACF90D9CCAA9BB21C4AC9E /* Resources */,
			);
			buildRules = (
			);
			dependencies = (
			);
			fileSystemSynchronizedGroups = (
				0028FDCFB48782B4201280F1 /* WiggleRoomShared */,
				2C11B2FC0E9DCE55D7D7F125 /* WiggleRoomWidgets */,
			);
			name = WiggleRoomWidgets;
			productName = WiggleRoomWidgets;
			productReference = 0390A05B6F76AA646812AE87 /* WiggleRoomWidgets.appex */;
			productType = "com.apple.product-type.app-extension";
		};
		2E72304D8C979446738D729C /* WiggleRoomWatch */ = {
			isa = PBXNativeTarget;
			buildConfigurationList = 944E87A9E5B317928F01552B /* Build configuration list for PBXNativeTarget "WiggleRoomWatch" */;
			buildPhases = (
				568B5465461627262D12CD04 /* Sources */,
				EAE042A4F5C275A25D88A425 /* Frameworks */,
				EA26A24CFA50FB55F2BD9328 /* Resources */,
				D5DC156618626F3628EEF6F1 /* Embed Foundation Extensions */,
			);
			buildRules = (
			);
			dependencies = (
				FAD78772505C31A4434CB71C /* PBXTargetDependency */,
			);
			fileSystemSynchronizedGroups = (
				0028FDCFB48782B4201280F1 /* WiggleRoomShared */,
				469C2E2453225A08530C046C /* WiggleRoomWatch */,
			);
			name = WiggleRoomWatch;
			productName = WiggleRoomWatch;
			productReference = AC013DBE5CBD724972D4B331 /* WiggleRoomWatch.app */;
			productType = "com.apple.product-type.application";
		};
		D043F7DAC98E201E0E0A7621 /* WiggleRoomComplication */ = {
			isa = PBXNativeTarget;
			buildConfigurationList = CFD991FB81ACA69DD1E3837E /* Build configuration list for PBXNativeTarget "WiggleRoomComplication" */;
			buildPhases = (
				F5F34B977F6E9BAF8BE57D9F /* Sources */,
				81362274EEBF805DB6A3B105 /* Frameworks */,
				7B58403161A28CEB58DE84F1 /* Resources */,
			);
			buildRules = (
			);
			dependencies = (
			);
			fileSystemSynchronizedGroups = (
				0015F3C35750D23194AC79DD /* WiggleRoomComplication */,
				0028FDCFB48782B4201280F1 /* WiggleRoomShared */,
			);
			name = WiggleRoomComplication;
			productName = WiggleRoomComplication;
			productReference = B726BF89F335C151F2E1C3C6 /* WiggleRoomComplication.appex */;
			productType = "com.apple.product-type.app-extension";
		};
		EF63B1153056875D0092FD24 /* WiggleRoom */ = {
			isa = PBXNativeTarget;
			buildConfigurationList = EF63B1373056875F0092FD24 /* Build configuration list for PBXNativeTarget "WiggleRoom" */;
			buildPhases = (
				EF63B1123056875D0092FD24 /* Sources */,
				EF63B1133056875D0092FD24 /* Frameworks */,
				EF63B1143056875D0092FD24 /* Resources */,
				55273DB0609129562CC867EA /* Embed Foundation Extensions */,
				5A87B6A9F195D51A9434406D /* Embed Watch Content */,
			);
			buildRules = (
			);
			dependencies = (
				D4964E0E82BA1E8D8401CA0E /* PBXTargetDependency */,
				C6DBCE2B792836BDD7628365 /* PBXTargetDependency */,
			);
			fileSystemSynchronizedGroups = (
				0028FDCFB48782B4201280F1 /* WiggleRoomShared */,
				EF63B1183056875D0092FD24 /* WiggleRoom */,
			);
			name = WiggleRoom;
			productName = WiggleRoom;
			productReference = EF63B1163056875D0092FD24 /* WiggleRoom.app */;
			productType = "com.apple.product-type.application";
		};
		EF63B1223056875F0092FD24 /* WiggleRoomTests */ = {
			isa = PBXNativeTarget;
			buildConfigurationList = EF63B13A3056875F0092FD24 /* Build configuration list for PBXNativeTarget "WiggleRoomTests" */;
			buildPhases = (
				EF63B11F3056875F0092FD24 /* Sources */,
				EF63B1203056875F0092FD24 /* Frameworks */,
				EF63B1213056875F0092FD24 /* Resources */,
			);
			buildRules = (
			);
			dependencies = (
				EF63B1253056875F0092FD24 /* PBXTargetDependency */,
			);
			fileSystemSynchronizedGroups = (
				EF63B1263056875F0092FD24 /* WiggleRoomTests */,
			);
			name = WiggleRoomTests;
			productName = WiggleRoomTests;
			productReference = EF63B1233056875F0092FD24 /* WiggleRoomTests.xctest */;
			productType = "com.apple.product-type.bundle.unit-test";
		};
		EF63B12C3056875F0092FD24 /* WiggleRoomUITests */ = {
			isa = PBXNativeTarget;
			buildConfigurationList = EF63B13D3056875F0092FD24 /* Build configuration list for PBXNativeTarget "WiggleRoomUITests" */;
			buildPhases = (
				EF63B1293056875F0092FD24 /* Sources */,
				EF63B12A3056875F0092FD24 /* Frameworks */,
				EF63B12B3056875F0092FD24 /* Resources */,
			);
			buildRules = (
			);
			dependencies = (
				EF63B12F3056875F0092FD24 /* PBXTargetDependency */,
			);
			fileSystemSynchronizedGroups = (
				EF63B1303056875F0092FD24 /* WiggleRoomUITests */,
			);
			name = WiggleRoomUITests;
			productName = WiggleRoomUITests;
			productReference = EF63B12D3056875F0092FD24 /* WiggleRoomUITests.xctest */;
			productType = "com.apple.product-type.bundle.ui-testing";
		};
/* End PBXNativeTarget section */

/* Begin PBXProject section */
		EF63B10E3056875D0092FD24 /* Project object */ = {
			isa = PBXProject;
			attributes = {
				BuildIndependentTargetsInParallel = 1;
				LastSwiftUpdateCheck = 2660;
				LastUpgradeCheck = 2700;
				TargetAttributes = {
					EF63B1153056875D0092FD24 = {
						CreatedOnToolsVersion = 26.6;
					};
					EF63B1223056875F0092FD24 = {
						CreatedOnToolsVersion = 26.6;
						TestTargetID = EF63B1153056875D0092FD24;
					};
					EF63B12C3056875F0092FD24 = {
						CreatedOnToolsVersion = 26.6;
						TestTargetID = EF63B1153056875D0092FD24;
					};
				};
			};
			buildConfigurationList = EF63B1113056875D0092FD24 /* Build configuration list for PBXProject "WiggleRoom" */;
			developmentRegion = en;
			hasScannedForEncodings = 0;
			knownRegions = (
				en,
				Base,
			);
			mainGroup = EF63B10D3056875D0092FD24;
			minimizedProjectReferenceProxies = 1;
			preferredProjectObjectVersion = 77;
			productRefGroup = EF63B1173056875D0092FD24 /* Products */;
			projectDirPath = "";
			projectRoot = "";
			targets = (
				EF63B1153056875D0092FD24 /* WiggleRoom */,
				EF63B1223056875F0092FD24 /* WiggleRoomTests */,
				EF63B12C3056875F0092FD24 /* WiggleRoomUITests */,
				0320B8BADB9D2DE52BE08FB8 /* WiggleRoomWidgets */,
				2E72304D8C979446738D729C /* WiggleRoomWatch */,
				D043F7DAC98E201E0E0A7621 /* WiggleRoomComplication */,
			);
		};
/* End PBXProject section */

/* Begin PBXResourcesBuildPhase section */
		04ACF90D9CCAA9BB21C4AC9E /* Resources */ = {
			isa = PBXResourcesBuildPhase;
			buildActionMask = 2147483647;
			files = (
			);
			runOnlyForDeploymentPostprocessing = 0;
		};
		7B58403161A28CEB58DE84F1 /* Resources */ = {
			isa = PBXResourcesBuildPhase;
			buildActionMask = 2147483647;
			files = (
			);
			runOnlyForDeploymentPostprocessing = 0;
		};
		EA26A24CFA50FB55F2BD9328 /* Resources */ = {
			isa = PBXResourcesBuildPhase;
			buildActionMask = 2147483647;
			files = (
			);
			runOnlyForDeploymentPostprocessing = 0;
		};
		EF63B1143056875D0092FD24 /* Resources */ = {
			isa = PBXResourcesBuildPhase;
			buildActionMask = 2147483647;
			files = (
			);
			runOnlyForDeploymentPostprocessing = 0;
		};
		EF63B1213056875F0092FD24 /* Resources */ = {
			isa = PBXResourcesBuildPhase;
			buildActionMask = 2147483647;
			files = (
			);
			runOnlyForDeploymentPostprocessing = 0;
		};
		EF63B12B3056875F0092FD24 /* Resources */ = {
			isa = PBXResourcesBuildPhase;
			buildActionMask = 2147483647;
			files = (
			);
			runOnlyForDeploymentPostprocessing = 0;
		};
/* End PBXResourcesBuildPhase section */

/* Begin PBXSourcesBuildPhase section */
		49E5668BF14094AB39EA214A /* Sources */ = {
			isa = PBXSourcesBuildPhase;
			buildActionMask = 2147483647;
			files = (
			);
			runOnlyForDeploymentPostprocessing = 0;
		};
		568B5465461627262D12CD04 /* Sources */ = {
			isa = PBXSourcesBuildPhase;
			buildActionMask = 2147483647;
			files = (
			);
			runOnlyForDeploymentPostprocessing = 0;
		};
		EF63B1123056875D0092FD24 /* Sources */ = {
			isa = PBXSourcesBuildPhase;
			buildActionMask = 2147483647;
			files = (
			);
			runOnlyForDeploymentPostprocessing = 0;
		};
		EF63B11F3056875F0092FD24 /* Sources */ = {
			isa = PBXSourcesBuildPhase;
			buildActionMask = 2147483647;
			files = (
			);
			runOnlyForDeploymentPostprocessing = 0;
		};
		EF63B1293056875F0092FD24 /* Sources */ = {
			isa = PBXSourcesBuildPhase;
			buildActionMask = 2147483647;
			files = (
			);
			runOnlyForDeploymentPostprocessing = 0;
		};
		F5F34B977F6E9BAF8BE57D9F /* Sources */ = {
			isa = PBXSourcesBuildPhase;
			buildActionMask = 2147483647;
			files = (
			);
			runOnlyForDeploymentPostprocessing = 0;
		};
/* End PBXSourcesBuildPhase section */

/* Begin PBXTargetDependency section */
		C6DBCE2B792836BDD7628365 /* PBXTargetDependency */ = {
			isa = PBXTargetDependency;
			name = WiggleRoomWatch;
			platformFilter = ios;
			target = 2E72304D8C979446738D729C /* WiggleRoomWatch */;
			targetProxy = 5B6172D4BC984B4F7D80D757 /* PBXContainerItemProxy */;
		};
		D4964E0E82BA1E8D8401CA0E /* PBXTargetDependency */ = {
			isa = PBXTargetDependency;
			name = WiggleRoomWidgets;
			target = 0320B8BADB9D2DE52BE08FB8 /* WiggleRoomWidgets */;
			targetProxy = DE91F17B1E6F689A2D0537C4 /* PBXContainerItemProxy */;
		};
		EF63B1253056875F0092FD24 /* PBXTargetDependency */ = {
			isa = PBXTargetDependency;
			target = EF63B1153056875D0092FD24 /* WiggleRoom */;
			targetProxy = EF63B1243056875F0092FD24 /* PBXContainerItemProxy */;
		};
		EF63B12F3056875F0092FD24 /* PBXTargetDependency */ = {
			isa = PBXTargetDependency;
			target = EF63B1153056875D0092FD24 /* WiggleRoom */;
			targetProxy = EF63B12E3056875F0092FD24 /* PBXContainerItemProxy */;
		};
		FAD78772505C31A4434CB71C /* PBXTargetDependency */ = {
			isa = PBXTargetDependency;
			name = WiggleRoomComplication;
			target = D043F7DAC98E201E0E0A7621 /* WiggleRoomComplication */;
			targetProxy = 16EA2CCD38AF73BE8ECF4FCE /* PBXContainerItemProxy */;
		};
/* End PBXTargetDependency section */

/* Begin XCBuildConfiguration section */
		2F95F4C44C8235C27EEC68EB /* Release */ = {
			isa = XCBuildConfiguration;
			buildSettings = {
				CODE_SIGN_ENTITLEMENTS = WiggleRoomComplication/WiggleRoomComplication.entitlements;
				CODE_SIGN_STYLE = Automatic;
				CURRENT_PROJECT_VERSION = 1;
				DEVELOPMENT_TEAM = KP8NBNSB5M;
				GENERATE_INFOPLIST_FILE = YES;
				INFOPLIST_FILE = WiggleRoomComplication/Info.plist;
				INFOPLIST_KEY_CFBundleDisplayName = "Wiggle Room Complication";
				MARKETING_VERSION = 1.0;
				PRODUCT_BUNDLE_IDENTIFIER = martinkearn.WiggleRoom.watchkitapp.WiggleRoomComplication;
				PRODUCT_NAME = "$(TARGET_NAME)";
				SDKROOT = watchos;
				SKIP_INSTALL = YES;
				SUPPORTED_PLATFORMS = "watchsimulator watchos";
				SWIFT_APPROACHABLE_CONCURRENCY = YES;
				SWIFT_DEFAULT_ACTOR_ISOLATION = MainActor;
				SWIFT_EMIT_LOC_STRINGS = YES;
				SWIFT_VERSION = 5.0;
				TARGETED_DEVICE_FAMILY = 4;
				VALIDATE_PRODUCT = YES;
				WATCHOS_DEPLOYMENT_TARGET = 26.0;
			};
			name = Release;
		};
		53B51C3DC8532438DC5C9D7F /* Debug */ = {
			isa = XCBuildConfiguration;
			buildSettings = {
				CLANG_ENABLE_OBJC_WEAK = NO;
				CODE_SIGN_ENTITLEMENTS = WiggleRoomWidgets/WiggleRoomWidgets.entitlements;
				CODE_SIGN_STYLE = Automatic;
				CURRENT_PROJECT_VERSION = 1;
				DEAD_CODE_STRIPPING = YES;
				DEVELOPMENT_TEAM = KP8NBNSB5M;
				GENERATE_INFOPLIST_FILE = YES;
				INFOPLIST_FILE = WiggleRoomWidgets/Info.plist;
				INFOPLIST_KEY_CFBundleDisplayName = "Wiggle Room Widgets";
				IPHONEOS_DEPLOYMENT_TARGET = 27.0;
				MACOSX_DEPLOYMENT_TARGET = 27.0;
				MARKETING_VERSION = 1.0;
				PRODUCT_BUNDLE_IDENTIFIER = martinkearn.WiggleRoom.WiggleRoomWidgets;
				PRODUCT_NAME = "$(TARGET_NAME)";
				SDKROOT = auto;
				SKIP_INSTALL = YES;
				SUPPORTED_PLATFORMS = "iphoneos iphonesimulator macosx";
				SWIFT_APPROACHABLE_CONCURRENCY = YES;
				SWIFT_DEFAULT_ACTOR_ISOLATION = MainActor;
				SWIFT_EMIT_LOC_STRINGS = YES;
				SWIFT_VERSION = 5.0;
				TARGETED_DEVICE_FAMILY = "1,2,7";
			};
			name = Debug;
		};
		5C311CD13FA2AEA6BE605763 /* Release */ = {
			isa = XCBuildConfiguration;
			buildSettings = {
				CLANG_ENABLE_OBJC_WEAK = NO;
				CODE_SIGN_ENTITLEMENTS = WiggleRoomWidgets/WiggleRoomWidgets.entitlements;
				CODE_SIGN_STYLE = Automatic;
				CURRENT_PROJECT_VERSION = 1;
				DEAD_CODE_STRIPPING = YES;
				DEVELOPMENT_TEAM = KP8NBNSB5M;
				GENERATE_INFOPLIST_FILE = YES;
				INFOPLIST_FILE = WiggleRoomWidgets/Info.plist;
				INFOPLIST_KEY_CFBundleDisplayName = "Wiggle Room Widgets";
				IPHONEOS_DEPLOYMENT_TARGET = 27.0;
				MACOSX_DEPLOYMENT_TARGET = 27.0;
				MARKETING_VERSION = 1.0;
				PRODUCT_BUNDLE_IDENTIFIER = martinkearn.WiggleRoom.WiggleRoomWidgets;
				PRODUCT_NAME = "$(TARGET_NAME)";
				SDKROOT = auto;
				SKIP_INSTALL = YES;
				SUPPORTED_PLATFORMS = "iphoneos iphonesimulator macosx";
				SWIFT_APPROACHABLE_CONCURRENCY = YES;
				SWIFT_DEFAULT_ACTOR_ISOLATION = MainActor;
				SWIFT_EMIT_LOC_STRINGS = YES;
				SWIFT_VERSION = 5.0;
				TARGETED_DEVICE_FAMILY = "1,2,7";
				VALIDATE_PRODUCT = YES;
			};
			name = Release;
		};
		940DF3E73838153078EA6BFC /* Debug */ = {
			isa = XCBuildConfiguration;
			buildSettings = {
				CODE_SIGN_ENTITLEMENTS = WiggleRoomComplication/WiggleRoomComplication.entitlements;
				CODE_SIGN_STYLE = Automatic;
				CURRENT_PROJECT_VERSION = 1;
				DEVELOPMENT_TEAM = KP8NBNSB5M;
				GENERATE_INFOPLIST_FILE = YES;
				INFOPLIST_FILE = WiggleRoomComplication/Info.plist;
				INFOPLIST_KEY_CFBundleDisplayName = "Wiggle Room Complication";
				MARKETING_VERSION = 1.0;
				PRODUCT_BUNDLE_IDENTIFIER = martinkearn.WiggleRoom.watchkitapp.WiggleRoomComplication;
				PRODUCT_NAME = "$(TARGET_NAME)";
				SDKROOT = watchos;
				SKIP_INSTALL = YES;
				SUPPORTED_PLATFORMS = "watchsimulator watchos";
				SWIFT_APPROACHABLE_CONCURRENCY = YES;
				SWIFT_DEFAULT_ACTOR_ISOLATION = MainActor;
				SWIFT_EMIT_LOC_STRINGS = YES;
				SWIFT_VERSION = 5.0;
				TARGETED_DEVICE_FAMILY = 4;
				WATCHOS_DEPLOYMENT_TARGET = 26.0;
			};
			name = Debug;
		};
		97AFA819746722E11EC8D67A /* Release */ = {
			isa = XCBuildConfiguration;
			buildSettings = {
				ASSETCATALOG_COMPILER_APPICON_NAME = AppIcon;
				ASSETCATALOG_COMPILER_GLOBAL_ACCENT_COLOR_NAME = AccentColor;
				CODE_SIGN_ENTITLEMENTS = WiggleRoomWatch/WiggleRoomWatch.entitlements;
				CODE_SIGN_STYLE = Automatic;
				CURRENT_PROJECT_VERSION = 1;
				DEVELOPMENT_TEAM = KP8NBNSB5M;
				ENABLE_PREVIEWS = YES;
				GENERATE_INFOPLIST_FILE = YES;
				INFOPLIST_FILE = WiggleRoomWatch/Info.plist;
				INFOPLIST_KEY_CFBundleDisplayName = "Wiggle Room";
				INFOPLIST_KEY_UISupportedInterfaceOrientations = UIInterfaceOrientationPortrait;
				MARKETING_VERSION = 1.0;
				PRODUCT_BUNDLE_IDENTIFIER = martinkearn.WiggleRoom.watchkitapp;
				PRODUCT_NAME = "$(TARGET_NAME)";
				SDKROOT = watchos;
				SKIP_INSTALL = YES;
				SUPPORTED_PLATFORMS = "watchsimulator watchos";
				SWIFT_APPROACHABLE_CONCURRENCY = YES;
				SWIFT_DEFAULT_ACTOR_ISOLATION = MainActor;
				SWIFT_EMIT_LOC_STRINGS = YES;
				SWIFT_VERSION = 5.0;
				TARGETED_DEVICE_FAMILY = 4;
				VALIDATE_PRODUCT = YES;
				WATCHOS_DEPLOYMENT_TARGET = 26.0;
			};
			name = Release;
		};
		CF70CD6354FCC4E6DCC602F4 /* Debug */ = {
			isa = XCBuildConfiguration;
			buildSettings = {
				ASSETCATALOG_COMPILER_APPICON_NAME = AppIcon;
				ASSETCATALOG_COMPILER_GLOBAL_ACCENT_COLOR_NAME = AccentColor;
				CODE_SIGN_ENTITLEMENTS = WiggleRoomWatch/WiggleRoomWatch.entitlements;
				CODE_SIGN_STYLE = Automatic;
				CURRENT_PROJECT_VERSION = 1;
				DEVELOPMENT_TEAM = KP8NBNSB5M;
				ENABLE_PREVIEWS = YES;
				GENERATE_INFOPLIST_FILE = YES;
				INFOPLIST_FILE = WiggleRoomWatch/Info.plist;
				INFOPLIST_KEY_CFBundleDisplayName = "Wiggle Room";
				INFOPLIST_KEY_UISupportedInterfaceOrientations = UIInterfaceOrientationPortrait;
				MARKETING_VERSION = 1.0;
				PRODUCT_BUNDLE_IDENTIFIER = martinkearn.WiggleRoom.watchkitapp;
				PRODUCT_NAME = "$(TARGET_NAME)";
				SDKROOT = watchos;
				SKIP_INSTALL = YES;
				SUPPORTED_PLATFORMS = "watchsimulator watchos";
				SWIFT_APPROACHABLE_CONCURRENCY = YES;
				SWIFT_DEFAULT_ACTOR_ISOLATION = MainActor;
				SWIFT_EMIT_LOC_STRINGS = YES;
				SWIFT_VERSION = 5.0;
				TARGETED_DEVICE_FAMILY = 4;
				WATCHOS_DEPLOYMENT_TARGET = 26.0;
			};
			name = Debug;
		};
		EF63B1353056875F0092FD24 /* Debug */ = {
			isa = XCBuildConfiguration;
			buildSettings = {
				ALWAYS_SEARCH_USER_PATHS = NO;
				ASSETCATALOG_COMPILER_GENERATE_SWIFT_ASSET_SYMBOL_EXTENSIONS = YES;
				CLANG_ANALYZER_NONNULL = YES;
				CLANG_ANALYZER_NUMBER_OBJECT_CONVERSION = YES_AGGRESSIVE;
				CLANG_CXX_LANGUAGE_STANDARD = "gnu++20";
				CLANG_ENABLE_MODULES = YES;
				CLANG_ENABLE_OBJC_ARC = YES;
				CLANG_ENABLE_OBJC_WEAK = YES;
				CLANG_WARN_BLOCK_CAPTURE_AUTORELEASING = YES;
				CLANG_WARN_BOOL_CONVERSION = YES;
				CLANG_WARN_COMMA = YES;
				CLANG_WARN_CONSTANT_CONVERSION = YES;
				CLANG_WARN_DEPRECATED_OBJC_IMPLEMENTATIONS = YES;
				CLANG_WARN_DIRECT_OBJC_ISA_USAGE = YES_ERROR;
				CLANG_WARN_DOCUMENTATION_COMMENTS = YES;
				CLANG_WARN_EMPTY_BODY = YES;
				CLANG_WARN_ENUM_CONVERSION = YES;
				CLANG_WARN_INFINITE_RECURSION = YES;
				CLANG_WARN_INT_CONVERSION = YES;
				CLANG_WARN_NON_LITERAL_NULL_CONVERSION = YES;
				CLANG_WARN_OBJC_IMPLICIT_RETAIN_SELF = YES;
				CLANG_WARN_OBJC_LITERAL_CONVERSION = YES;
				CLANG_WARN_OBJC_ROOT_CLASS = YES_ERROR;
				CLANG_WARN_QUOTED_INCLUDE_IN_FRAMEWORK_HEADER = YES;
				CLANG_WARN_RANGE_LOOP_ANALYSIS = YES;
				CLANG_WARN_STRICT_PROTOTYPES = YES;
				CLANG_WARN_SUSPICIOUS_MOVE = YES;
				CLANG_WARN_UNGUARDED_AVAILABILITY = YES_AGGRESSIVE;
				CLANG_WARN_UNREACHABLE_CODE = YES;
				CLANG_WARN__DUPLICATE_METHOD_MATCH = YES;
				COPY_PHASE_STRIP = NO;
				DEAD_CODE_STRIPPING = YES;
				DEBUG_INFORMATION_FORMAT = dwarf;
				DEVELOPMENT_TEAM = KP8NBNSB5M;
				ENABLE_STRICT_OBJC_MSGSEND = YES;
				ENABLE_TESTABILITY = YES;
				ENABLE_USER_SCRIPT_SANDBOXING = YES;
				GCC_C_LANGUAGE_STANDARD = gnu17;
				GCC_DYNAMIC_NO_PIC = NO;
				GCC_NO_COMMON_BLOCKS = YES;
				GCC_OPTIMIZATION_LEVEL = 0;
				GCC_PREPROCESSOR_DEFINITIONS = (
					"DEBUG=1",
					"$(inherited)",
				);
				GCC_WARN_64_TO_32_BIT_CONVERSION = YES;
				GCC_WARN_ABOUT_RETURN_TYPE = YES_ERROR;
				GCC_WARN_UNDECLARED_SELECTOR = YES;
				GCC_WARN_UNINITIALIZED_AUTOS = YES_AGGRESSIVE;
				GCC_WARN_UNUSED_FUNCTION = YES;
				GCC_WARN_UNUSED_VARIABLE = YES;
				LOCALIZATION_PREFERS_STRING_CATALOGS = YES;
				MTL_ENABLE_DEBUG_INFO = INCLUDE_SOURCE;
				MTL_FAST_MATH = YES;
				ONLY_ACTIVE_ARCH = YES;
				STRING_CATALOG_GENERATE_SYMBOLS = YES;
				SWIFT_ACTIVE_COMPILATION_CONDITIONS = "DEBUG $(inherited)";
				SWIFT_OPTIMIZATION_LEVEL = "-Onone";
			};
			name = Debug;
		};
		EF63B1363056875F0092FD24 /* Release */ = {
			isa = XCBuildConfiguration;
			buildSettings = {
				ALWAYS_SEARCH_USER_PATHS = NO;
				ASSETCATALOG_COMPILER_GENERATE_SWIFT_ASSET_SYMBOL_EXTENSIONS = YES;
				CLANG_ANALYZER_NONNULL = YES;
				CLANG_ANALYZER_NUMBER_OBJECT_CONVERSION = YES_AGGRESSIVE;
				CLANG_CXX_LANGUAGE_STANDARD = "gnu++20";
				CLANG_ENABLE_MODULES = YES;
				CLANG_ENABLE_OBJC_ARC = YES;
				CLANG_ENABLE_OBJC_WEAK = YES;
				CLANG_WARN_BLOCK_CAPTURE_AUTORELEASING = YES;
				CLANG_WARN_BOOL_CONVERSION = YES;
				CLANG_WARN_COMMA = YES;
				CLANG_WARN_CONSTANT_CONVERSION = YES;
				CLANG_WARN_DEPRECATED_OBJC_IMPLEMENTATIONS = YES;
				CLANG_WARN_DIRECT_OBJC_ISA_USAGE = YES_ERROR;
				CLANG_WARN_DOCUMENTATION_COMMENTS = YES;
				CLANG_WARN_EMPTY_BODY = YES;
				CLANG_WARN_ENUM_CONVERSION = YES;
				CLANG_WARN_INFINITE_RECURSION = YES;
				CLANG_WARN_INT_CONVERSION = YES;
				CLANG_WARN_NON_LITERAL_NULL_CONVERSION = YES;
				CLANG_WARN_OBJC_IMPLICIT_RETAIN_SELF = YES;
				CLANG_WARN_OBJC_LITERAL_CONVERSION = YES;
				CLANG_WARN_OBJC_ROOT_CLASS = YES_ERROR;
				CLANG_WARN_QUOTED_INCLUDE_IN_FRAMEWORK_HEADER = YES;
				CLANG_WARN_RANGE_LOOP_ANALYSIS = YES;
				CLANG_WARN_STRICT_PROTOTYPES = YES;
				CLANG_WARN_SUSPICIOUS_MOVE = YES;
				CLANG_WARN_UNGUARDED_AVAILABILITY = YES_AGGRESSIVE;
				CLANG_WARN_UNREACHABLE_CODE = YES;
				CLANG_WARN__DUPLICATE_METHOD_MATCH = YES;
				COPY_PHASE_STRIP = NO;
				DEAD_CODE_STRIPPING = YES;
				DEBUG_INFORMATION_FORMAT = "dwarf-with-dsym";
				DEVELOPMENT_TEAM = KP8NBNSB5M;
				ENABLE_NS_ASSERTIONS = NO;
				ENABLE_STRICT_OBJC_MSGSEND = YES;
				ENABLE_USER_SCRIPT_SANDBOXING = YES;
				GCC_C_LANGUAGE_STANDARD = gnu17;
				GCC_NO_COMMON_BLOCKS = YES;
				GCC_WARN_64_TO_32_BIT_CONVERSION = YES;
				GCC_WARN_ABOUT_RETURN_TYPE = YES_ERROR;
				GCC_WARN_UNDECLARED_SELECTOR = YES;
				GCC_WARN_UNINITIALIZED_AUTOS = YES_AGGRESSIVE;
				GCC_WARN_UNUSED_FUNCTION = YES;
				GCC_WARN_UNUSED_VARIABLE = YES;
				LOCALIZATION_PREFERS_STRING_CATALOGS = YES;
				MTL_ENABLE_DEBUG_INFO = NO;
				MTL_FAST_MATH = YES;
				STRING_CATALOG_GENERATE_SYMBOLS = YES;
				SWIFT_COMPILATION_MODE = wholemodule;
			};
			name = Release;
		};
		EF63B1383056875F0092FD24 /* Debug */ = {
			isa = XCBuildConfiguration;
			buildSettings = {
				ASSETCATALOG_COMPILER_APPICON_NAME = AppIcon;
				ASSETCATALOG_COMPILER_GLOBAL_ACCENT_COLOR_NAME = AccentColor;
				CODE_SIGN_ENTITLEMENTS = WiggleRoom/WiggleRoom.entitlements;
				CODE_SIGN_STYLE = Automatic;
				CURRENT_PROJECT_VERSION = 1;
				DEAD_CODE_STRIPPING = YES;
				DEVELOPMENT_TEAM = KP8NBNSB5M;
				ENABLE_APP_SANDBOX = YES;
				ENABLE_HARDENED_RUNTIME = YES;
				ENABLE_PREVIEWS = YES;
				ENABLE_USER_SELECTED_FILES = readonly;
				GENERATE_INFOPLIST_FILE = YES;
				INFOPLIST_FILE = WiggleRoom/Info.plist;
				INFOPLIST_KEY_CFBundleDisplayName = "Wiggle Room";
				"INFOPLIST_KEY_UIApplicationSceneManifest_Generation[sdk=iphoneos*]" = YES;
				"INFOPLIST_KEY_UIApplicationSceneManifest_Generation[sdk=iphonesimulator*]" = YES;
				"INFOPLIST_KEY_UIApplicationSupportsIndirectInputEvents[sdk=iphoneos*]" = YES;
				"INFOPLIST_KEY_UIApplicationSupportsIndirectInputEvents[sdk=iphonesimulator*]" = YES;
				"INFOPLIST_KEY_UILaunchScreen_Generation[sdk=iphoneos*]" = YES;
				"INFOPLIST_KEY_UILaunchScreen_Generation[sdk=iphonesimulator*]" = YES;
				"INFOPLIST_KEY_UIStatusBarStyle[sdk=iphoneos*]" = UIStatusBarStyleDefault;
				"INFOPLIST_KEY_UIStatusBarStyle[sdk=iphonesimulator*]" = UIStatusBarStyleDefault;
				INFOPLIST_KEY_UISupportedInterfaceOrientations_iPad = "UIInterfaceOrientationPortrait UIInterfaceOrientationPortraitUpsideDown UIInterfaceOrientationLandscapeLeft UIInterfaceOrientationLandscapeRight";
				INFOPLIST_KEY_UISupportedInterfaceOrientations_iPhone = "UIInterfaceOrientationPortrait UIInterfaceOrientationLandscapeLeft UIInterfaceOrientationLandscapeRight";
				IPHONEOS_DEPLOYMENT_TARGET = 27.0;
				LD_RUNPATH_SEARCH_PATHS = "@executable_path/Frameworks";
				"LD_RUNPATH_SEARCH_PATHS[sdk=macosx*]" = "@executable_path/../Frameworks";
				MACOSX_DEPLOYMENT_TARGET = 27.0;
				MARKETING_VERSION = 1.0;
				PRODUCT_BUNDLE_IDENTIFIER = martinkearn.WiggleRoom;
				PRODUCT_NAME = "$(TARGET_NAME)";
				REGISTER_APP_GROUPS = YES;
				SDKROOT = auto;
				STRING_CATALOG_GENERATE_SYMBOLS = YES;
				SUPPORTED_PLATFORMS = "iphoneos iphonesimulator macosx xros xrsimulator";
				SWIFT_APPROACHABLE_CONCURRENCY = YES;
				SWIFT_DEFAULT_ACTOR_ISOLATION = MainActor;
				SWIFT_EMIT_LOC_STRINGS = YES;
				SWIFT_UPCOMING_FEATURE_MEMBER_IMPORT_VISIBILITY = YES;
				SWIFT_VERSION = 5.0;
				TARGETED_DEVICE_FAMILY = "1,2,7";
				XROS_DEPLOYMENT_TARGET = 26.5;
			};
			name = Debug;
		};
		EF63B1393056875F0092FD24 /* Release */ = {
			isa = XCBuildConfiguration;
			buildSettings = {
				ASSETCATALOG_COMPILER_APPICON_NAME = AppIcon;
				ASSETCATALOG_COMPILER_GLOBAL_ACCENT_COLOR_NAME = AccentColor;
				CODE_SIGN_ENTITLEMENTS = WiggleRoom/WiggleRoom.entitlements;
				CODE_SIGN_STYLE = Automatic;
				CURRENT_PROJECT_VERSION = 1;
				DEAD_CODE_STRIPPING = YES;
				DEVELOPMENT_TEAM = KP8NBNSB5M;
				ENABLE_APP_SANDBOX = YES;
				ENABLE_HARDENED_RUNTIME = YES;
				ENABLE_PREVIEWS = YES;
				ENABLE_USER_SELECTED_FILES = readonly;
				GENERATE_INFOPLIST_FILE = YES;
				INFOPLIST_FILE = WiggleRoom/Info.plist;
				INFOPLIST_KEY_CFBundleDisplayName = "Wiggle Room";
				"INFOPLIST_KEY_UIApplicationSceneManifest_Generation[sdk=iphoneos*]" = YES;
				"INFOPLIST_KEY_UIApplicationSceneManifest_Generation[sdk=iphonesimulator*]" = YES;
				"INFOPLIST_KEY_UIApplicationSupportsIndirectInputEvents[sdk=iphoneos*]" = YES;
				"INFOPLIST_KEY_UIApplicationSupportsIndirectInputEvents[sdk=iphonesimulator*]" = YES;
				"INFOPLIST_KEY_UILaunchScreen_Generation[sdk=iphoneos*]" = YES;
				"INFOPLIST_KEY_UILaunchScreen_Generation[sdk=iphonesimulator*]" = YES;
				"INFOPLIST_KEY_UIStatusBarStyle[sdk=iphoneos*]" = UIStatusBarStyleDefault;
				"INFOPLIST_KEY_UIStatusBarStyle[sdk=iphonesimulator*]" = UIStatusBarStyleDefault;
				INFOPLIST_KEY_UISupportedInterfaceOrientations_iPad = "UIInterfaceOrientationPortrait UIInterfaceOrientationPortraitUpsideDown UIInterfaceOrientationLandscapeLeft UIInterfaceOrientationLandscapeRight";
				INFOPLIST_KEY_UISupportedInterfaceOrientations_iPhone = "UIInterfaceOrientationPortrait UIInterfaceOrientationLandscapeLeft UIInterfaceOrientationLandscapeRight";
				IPHONEOS_DEPLOYMENT_TARGET = 27.0;
				LD_RUNPATH_SEARCH_PATHS = "@executable_path/Frameworks";
				"LD_RUNPATH_SEARCH_PATHS[sdk=macosx*]" = "@executable_path/../Frameworks";
				MACOSX_DEPLOYMENT_TARGET = 27.0;
				MARKETING_VERSION = 1.0;
				PRODUCT_BUNDLE_IDENTIFIER = martinkearn.WiggleRoom;
				PRODUCT_NAME = "$(TARGET_NAME)";
				REGISTER_APP_GROUPS = YES;
				SDKROOT = auto;
				STRING_CATALOG_GENERATE_SYMBOLS = YES;
				SUPPORTED_PLATFORMS = "iphoneos iphonesimulator macosx xros xrsimulator";
				SWIFT_APPROACHABLE_CONCURRENCY = YES;
				SWIFT_DEFAULT_ACTOR_ISOLATION = MainActor;
				SWIFT_EMIT_LOC_STRINGS = YES;
				SWIFT_UPCOMING_FEATURE_MEMBER_IMPORT_VISIBILITY = YES;
				SWIFT_VERSION = 5.0;
				TARGETED_DEVICE_FAMILY = "1,2,7";
				XROS_DEPLOYMENT_TARGET = 26.5;
			};
			name = Release;
		};
		EF63B13B3056875F0092FD24 /* Debug */ = {
			isa = XCBuildConfiguration;
			buildSettings = {
				BUNDLE_LOADER = "$(TEST_HOST)";
				CODE_SIGN_STYLE = Automatic;
				CURRENT_PROJECT_VERSION = 1;
				DEAD_CODE_STRIPPING = YES;
				DEVELOPMENT_TEAM = KP8NBNSB5M;
				GENERATE_INFOPLIST_FILE = YES;
				IPHONEOS_DEPLOYMENT_TARGET = 27.0;
				MACOSX_DEPLOYMENT_TARGET = 27.0;
				MARKETING_VERSION = 1.0;
				PRODUCT_BUNDLE_IDENTIFIER = martinkearn.WiggleRoomTests;
				PRODUCT_NAME = "$(TARGET_NAME)";
				SDKROOT = auto;
				STRING_CATALOG_GENERATE_SYMBOLS = NO;
				SUPPORTED_PLATFORMS = "iphoneos iphonesimulator macosx xros xrsimulator";
				SWIFT_APPROACHABLE_CONCURRENCY = YES;
				SWIFT_EMIT_LOC_STRINGS = NO;
				SWIFT_UPCOMING_FEATURE_MEMBER_IMPORT_VISIBILITY = YES;
				SWIFT_VERSION = 5.0;
				TARGETED_DEVICE_FAMILY = "1,2,7";
				TEST_HOST = "$(BUILT_PRODUCTS_DIR)/WiggleRoom.app/$(BUNDLE_EXECUTABLE_FOLDER_PATH)/WiggleRoom";
				XROS_DEPLOYMENT_TARGET = "$(RECOMMENDED_XROS_DEPLOYMENT_TARGET)";
			};
			name = Debug;
		};
		EF63B13C3056875F0092FD24 /* Release */ = {
			isa = XCBuildConfiguration;
			buildSettings = {
				BUNDLE_LOADER = "$(TEST_HOST)";
				CODE_SIGN_STYLE = Automatic;
				CURRENT_PROJECT_VERSION = 1;
				DEAD_CODE_STRIPPING = YES;
				DEVELOPMENT_TEAM = KP8NBNSB5M;
				GENERATE_INFOPLIST_FILE = YES;
				IPHONEOS_DEPLOYMENT_TARGET = 27.0;
				MACOSX_DEPLOYMENT_TARGET = 27.0;
				MARKETING_VERSION = 1.0;
				PRODUCT_BUNDLE_IDENTIFIER = martinkearn.WiggleRoomTests;
				PRODUCT_NAME = "$(TARGET_NAME)";
				SDKROOT = auto;
				STRING_CATALOG_GENERATE_SYMBOLS = NO;
				SUPPORTED_PLATFORMS = "iphoneos iphonesimulator macosx xros xrsimulator";
				SWIFT_APPROACHABLE_CONCURRENCY = YES;
				SWIFT_EMIT_LOC_STRINGS = NO;
				SWIFT_UPCOMING_FEATURE_MEMBER_IMPORT_VISIBILITY = YES;
				SWIFT_VERSION = 5.0;
				TARGETED_DEVICE_FAMILY = "1,2,7";
				TEST_HOST = "$(BUILT_PRODUCTS_DIR)/WiggleRoom.app/$(BUNDLE_EXECUTABLE_FOLDER_PATH)/WiggleRoom";
				XROS_DEPLOYMENT_TARGET = "$(RECOMMENDED_XROS_DEPLOYMENT_TARGET)";
			};
			name = Release;
		};
		EF63B13E3056875F0092FD24 /* Debug */ = {
			isa = XCBuildConfiguration;
			buildSettings = {
				CODE_SIGN_STYLE = Automatic;
				CURRENT_PROJECT_VERSION = 1;
				DEAD_CODE_STRIPPING = YES;
				DEVELOPMENT_TEAM = KP8NBNSB5M;
				GENERATE_INFOPLIST_FILE = YES;
				IPHONEOS_DEPLOYMENT_TARGET = 27.0;
				MACOSX_DEPLOYMENT_TARGET = 27.0;
				MARKETING_VERSION = 1.0;
				PRODUCT_BUNDLE_IDENTIFIER = martinkearn.WiggleRoomUITests;
				PRODUCT_NAME = "$(TARGET_NAME)";
				SDKROOT = auto;
				STRING_CATALOG_GENERATE_SYMBOLS = NO;
				SUPPORTED_PLATFORMS = "iphoneos iphonesimulator macosx xros xrsimulator";
				SWIFT_APPROACHABLE_CONCURRENCY = YES;
				SWIFT_EMIT_LOC_STRINGS = NO;
				SWIFT_UPCOMING_FEATURE_MEMBER_IMPORT_VISIBILITY = YES;
				SWIFT_VERSION = 5.0;
				TARGETED_DEVICE_FAMILY = "1,2,7";
				TEST_TARGET_NAME = WiggleRoom;
				XROS_DEPLOYMENT_TARGET = 26.5;
			};
			name = Debug;
		};
		EF63B13F3056875F0092FD24 /* Release */ = {
			isa = XCBuildConfiguration;
			buildSettings = {
				CODE_SIGN_STYLE = Automatic;
				CURRENT_PROJECT_VERSION = 1;
				DEAD_CODE_STRIPPING = YES;
				DEVELOPMENT_TEAM = KP8NBNSB5M;
				GENERATE_INFOPLIST_FILE = YES;
				IPHONEOS_DEPLOYMENT_TARGET = 27.0;
				MACOSX_DEPLOYMENT_TARGET = 27.0;
				MARKETING_VERSION = 1.0;
				PRODUCT_BUNDLE_IDENTIFIER = martinkearn.WiggleRoomUITests;
				PRODUCT_NAME = "$(TARGET_NAME)";
				SDKROOT = auto;
				STRING_CATALOG_GENERATE_SYMBOLS = NO;
				SUPPORTED_PLATFORMS = "iphoneos iphonesimulator macosx xros xrsimulator";
				SWIFT_APPROACHABLE_CONCURRENCY = YES;
				SWIFT_EMIT_LOC_STRINGS = NO;
				SWIFT_UPCOMING_FEATURE_MEMBER_IMPORT_VISIBILITY = YES;
				SWIFT_VERSION = 5.0;
				TARGETED_DEVICE_FAMILY = "1,2,7";
				TEST_TARGET_NAME = WiggleRoom;
				XROS_DEPLOYMENT_TARGET = 26.5;
			};
			name = Release;
		};
/* End XCBuildConfiguration section */

/* Begin XCConfigurationList section */
		944E87A9E5B317928F01552B /* Build configuration list for PBXNativeTarget "WiggleRoomWatch" */ = {
			isa = XCConfigurationList;
			buildConfigurations = (
				97AFA819746722E11EC8D67A /* Release */,
				CF70CD6354FCC4E6DCC602F4 /* Debug */,
			);
			defaultConfigurationIsVisible = 0;
			defaultConfigurationName = Release;
		};
		A4FE6C6967F5972E75AE1075 /* Build configuration list for PBXNativeTarget "WiggleRoomWidgets" */ = {
			isa = XCConfigurationList;
			buildConfigurations = (
				5C311CD13FA2AEA6BE605763 /* Release */,
				53B51C3DC8532438DC5C9D7F /* Debug */,
			);
			defaultConfigurationIsVisible = 0;
			defaultConfigurationName = Release;
		};
		CFD991FB81ACA69DD1E3837E /* Build configuration list for PBXNativeTarget "WiggleRoomComplication" */ = {
			isa = XCConfigurationList;
			buildConfigurations = (
				2F95F4C44C8235C27EEC68EB /* Release */,
				940DF3E73838153078EA6BFC /* Debug */,
			);
			defaultConfigurationIsVisible = 0;
			defaultConfigurationName = Release;
		};
		EF63B1113056875D0092FD24 /* Build configuration list for PBXProject "WiggleRoom" */ = {
			isa = XCConfigurationList;
			buildConfigurations = (
				EF63B1353056875F0092FD24 /* Debug */,
				EF63B1363056875F0092FD24 /* Release */,
			);
			defaultConfigurationIsVisible = 0;
			defaultConfigurationName = Release;
		};
		EF63B1373056875F0092FD24 /* Build configuration list for PBXNativeTarget "WiggleRoom" */ = {
			isa = XCConfigurationList;
			buildConfigurations = (
				EF63B1383056875F0092FD24 /* Debug */,
				EF63B1393056875F0092FD24 /* Release */,
			);
			defaultConfigurationIsVisible = 0;
			defaultConfigurationName = Release;
		};
		EF63B13A3056875F0092FD24 /* Build configuration list for PBXNativeTarget "WiggleRoomTests" */ = {
			isa = XCConfigurationList;
			buildConfigurations = (
				EF63B13B3056875F0092FD24 /* Debug */,
				EF63B13C3056875F0092FD24 /* Release */,
			);
			defaultConfigurationIsVisible = 0;
			defaultConfigurationName = Release;
		};
		EF63B13D3056875F0092FD24 /* Build configuration list for PBXNativeTarget "WiggleRoomUITests" */ = {
			isa = XCConfigurationList;
			buildConfigurations = (
				EF63B13E3056875F0092FD24 /* Debug */,
				EF63B13F3056875F0092FD24 /* Release */,
			);
			defaultConfigurationIsVisible = 0;
			defaultConfigurationName = Release;
		};
/* End XCConfigurationList section */
	};
	rootObject = EF63B10E3056875D0092FD24 /* Project object */;
}
